{
    "_readme": [
        "This file locks the dependencies of your project to a known state",
        "Read more about it at https://getcomposer.org/doc/01-basic-usage.md#installing-dependencies",
        "This file is @generated automatically"
    ],
    "content-hash": "a6e65e982a46293981961d8247fa26c7",
    "packages": [
        {
            "name": "symfony/dotenv",
            "version": "v4.3.3",
            "source": {
                "type": "git",
                "url": "https://github.com/symfony/dotenv.git",
                "reference": "c9ea2a1c60e7db08c1d1379cd4448fd14bda11eb"
            },
            "dist": {
                "type": "zip",
                "url": "https://api.github.com/repos/symfony/dotenv/zipball/c9ea2a1c60e7db08c1d1379cd4448fd14bda11eb",
                "reference": "c9ea2a1c60e7db08c1d1379cd4448fd14bda11eb",
                "shasum": ""
            },
            "require": {
                "php": "^7.1.3"
            },
            "require-dev": {
                "symfony/process": "~3.4|~4.0"
            },
            "type": "library",
            "extra": {
                "branch-alias": {
                    "dev-master": "4.3-dev"
                }
            },
            "autoload": {
                "psr-4": {
                    "Symfony\\Component\\Dotenv\\": ""
                },
                "exclude-from-classmap": [
                    "/Tests/"
                ]
            },
            "notification-url": "https://packagist.org/downloads/",
            "license": [
                "MIT"
            ],
            "authors": [
                {
                    "name": "Fabien Potencier",
                    "email": "fabien@symfony.com"
                },
                {
                    "name": "Symfony Community",
                    "homepage": "https://symfony.com/contributors"
                }
            ],
            "description": "Registers environment variables from a .env file",
            "homepage": "https://symfony.com",
            "keywords": [
                "dotenv",
                "env",
                "environment"
            ],
            "time": "2019-06-26T06:50:02+00:00"
        },
        {
            "name": "symfony/flex",
            "version": "v1.4.5",
            "source": {
                "type": "git",
                "url": "https://github.com/symfony/flex.git",
                "reference": "4467ab35c82edebac58fe58c22cea166a805eb1f"
            },
            "dist": {
                "type": "zip",
                "url": "https://api.github.com/repos/symfony/flex/zipball/4467ab35c82edebac58fe58c22cea166a805eb1f",
                "reference": "4467ab35c82edebac58fe58c22cea166a805eb1f",
                "shasum": ""
            },
            "require": {
                "composer-plugin-api": "^1.0",
                "php": "^7.0"
            },
            "require-dev": {
                "composer/composer": "^1.0.2",
                "symfony/dotenv": "^3.4|^4.0",
                "symfony/phpunit-bridge": "^3.4.19|^4.1.8",
                "symfony/process": "^2.7|^3.0|^4.0"
            },
            "type": "composer-plugin",
            "extra": {
                "branch-alias": {
                    "dev-master": "1.4-dev"
                },
                "class": "Symfony\\Flex\\Flex"
            },
            "autoload": {
                "psr-4": {
                    "Symfony\\Flex\\": "src"
                }
            },
            "notification-url": "https://packagist.org/downloads/",
            "license": [
                "MIT"
            ],
            "authors": [
                {
                    "name": "Fabien Potencier",
                    "email": "fabien.potencier@gmail.com"
                }
            ],
            "description": "Composer plugin for Symfony",
            "time": "2019-07-19T08:59:18+00:00"
        },
        {
            "name": "symfony/phpunit-bridge",
            "version": "v4.3.3",
            "source": {
                "type": "git",
                "url": "https://github.com/symfony/phpunit-bridge.git",
                "reference": "5a7b67f3c407ad8199cedb10f71a36ab5ccd44ac"
            },
            "dist": {
                "type": "zip",
                "url": "https://api.github.com/repos/symfony/phpunit-bridge/zipball/5a7b67f3c407ad8199cedb10f71a36ab5ccd44ac",
                "reference": "5a7b67f3c407ad8199cedb10f71a36ab5ccd44ac",
                "shasum": ""
            },
            "require": {
                "php": ">=5.5.9"
            },
            "conflict": {
                "phpunit/phpunit": "<4.8.35|<5.4.3,>=5.0"
            },
            "suggest": {
                "symfony/debug": "For tracking deprecated interfaces usages at runtime with DebugClassLoader"
            },
            "bin": [
                "bin/simple-phpunit"
            ],
            "type": "symfony-bridge",
            "extra": {
                "branch-alias": {
                    "dev-master": "4.3-dev"
                },
                "thanks": {
                    "name": "phpunit/phpunit",
                    "url": "https://github.com/sebastianbergmann/phpunit"
                }
            },
            "autoload": {
                "files": [
                    "bootstrap.php"
                ],
                "psr-4": {
                    "Symfony\\Bridge\\PhpUnit\\": ""
                },
                "exclude-from-classmap": [
                    "/Tests/"
                ]
            },
            "notification-url": "https://packagist.org/downloads/",
            "license": [
                "MIT"
            ],
            "authors": [
                {
                    "name": "Nicolas Grekas",
                    "email": "p@tchwork.com"
                },
                {
                    "name": "Symfony Community",
                    "homepage": "https://symfony.com/contributors"
                }
            ],
            "description": "Symfony PHPUnit Bridge",
            "homepage": "https://symfony.com",
            "time": "2019-07-18T13:23:37+00:00"
        }
    ],
    "packages-dev": [],
    "aliases": [],
    "minimum-stability": "stable",
    "stability-flags": [],
    "prefer-stable": false,
    "prefer-lowest": false,
    "platform": [],
    "platform-dev": []
}
